// !$*UTF8*$!
{
	archiveVersion = 1;
	classes = {
	};
	objectVersion = 46;
	objects = {

/* Begin PBXBuildFile section */
		AD0F69E1157562E500031119 /* Cocoa.framework in Frameworks */ = {isa = PBXBuildFile; fileRef = AD0F69E0157562E500031119 /* Cocoa.framework */; };
		AD0F69ED157562E500031119 /* main.m in Sources */ = {isa = PBXBuildFile; fileRef = AD0F69EC157562E500031119 /* main.m */; };
		AD0F69F7157562E500031119 /* MainMenu.xib in Resources */ = {isa = PBXBuildFile; fileRef = AD0F69F5157562E500031119 /* MainMenu.xib */; };
		AD0F6A031575644900031119 /* iBackupFileSystem.m in Sources */ = {isa = PBXBuildFile; fileRef = AD0F6A021575644900031119 /* iBackupFileSystem.m */; };
		AD0F6A051575672E00031119 /* OSXFUSE.framework in Frameworks */ = {isa = PBXBuildFile; fileRef = AD0F6A041575672E00031119 /* OSXFUSE.framework */; };
		AD0F6A261575689100031119 /* ChangeLog in Resources */ = {isa = PBXBuildFile; fileRef = AD0F6A0A1575689100031119 /* ChangeLog */; };
		AD0F6A271575689100031119 /* FUSEObjectFileSystem.m in Sources */ = {isa = PBXBuildFile; fileRef = AD0F6A0C1575689100031119 /* FUSEObjectFileSystem.m */; };
		AD0F6A281575689100031119 /* FUSEOFSAppController.m in Sources */ = {isa = PBXBuildFile; fileRef = AD0F6A0E1575689100031119 /* FUSEOFSAppController.m */; };
		AD0F6A291575689100031119 /* FUSEOFSFileProxy.m in Sources */ = {isa = PBXBuildFile; fileRef = AD0F6A101575689100031119 /* FUSEOFSFileProxy.m */; };
		AD0F6A2A1575689100031119 /* FUSEOFSLookupContext.m in Sources */ = {isa = PBXBuildFile; fileRef = AD0F6A121575689100031119 /* FUSEOFSLookupContext.m */; };
		AD0F6A2B1575689100031119 /* FUSEOFSMemoryContainer.m in Sources */ = {isa = PBXBuildFile; fileRef = AD0F6A141575689100031119 /* FUSEOFSMemoryContainer.m */; };
		AD0F6A2C1575689100031119 /* FUSEOFSMemoryFile.m in Sources */ = {isa = PBXBuildFile; fileRef = AD0F6A161575689100031119 /* FUSEOFSMemoryFile.m */; };
		AD0F6A2D1575689100031119 /* FUSEOFSMemoryObject.m in Sources */ = {isa = PBXBuildFile; fileRef = AD0F6A181575689100031119 /* FUSEOFSMemoryObject.m */; };
		AD0F6A331575689100031119 /* NSObject+FUSEOFS.m in Sources */ = {isa = PBXBuildFile; fileRef = AD0F6A251575689100031119 /* NSObject+FUSEOFS.m */; };
		AD0F6A3615756EB100031119 /* iBackupSet.m in Sources */ = {isa = PBXBuildFile; fileRef = AD0F6A3515756EB100031119 /* iBackupSet.m */; };
		AD0F6A391575751100031119 /* iBackup.m in Sources */ = {isa = PBXBuildFile; fileRef = AD0F6A381575751100031119 /* iBackup.m */; };
		AD0F6A3C157584EE00031119 /* iBackupObject.m in Sources */ = {isa = PBXBuildFile; fileRef = AD0F6A3B157584EE00031119 /* iBackupObject.m */; };
		AD0F6A3E157591BB00031119 /* NOTES.txt in Resources */ = {isa = PBXBuildFile; fileRef = AD0F6A3D157591BB00031119 /* NOTES.txt */; };
		AD0F6A401575924700031119 /* Version in Resources */ = {isa = PBXBuildFile; fileRef = AD0F6A3F1575924600031119 /* Version */; };
		AD0F6A431575957100031119 /* MBDBReader.m in Sources */ = {isa = PBXBuildFile; fileRef = AD0F6A421575957100031119 /* MBDBReader.m */; };
		AD0F6A46157597D800031119 /* NSMutableDictionary+iBackupFS.m in Sources */ = {isa = PBXBuildFile; fileRef = AD0F6A45157597D800031119 /* NSMutableDictionary+iBackupFS.m */; };
		AD0F6A491575A1AC00031119 /* NSString+iBackupFS.m in Sources */ = {isa = PBXBuildFile; fileRef = AD0F6A481575A1AC00031119 /* NSString+iBackupFS.m */; };
		AD0F6A4B1575B1EB00031119 /* libcrypto.dylib in Frameworks */ = {isa = PBXBuildFile; fileRef = AD0F6A4A1575B1EB00031119 /* libcrypto.dylib */; };
/* End PBXBuildFile section */

/* Begin PBXFileReference section */
		AD0F69DC157562E500031119 /* iBackupFS.app */ = {isa = PBXFileReference; explicitFileType = wrapper.application; includeInIndex = 0; path = iBackupFS.app; sourceTree = BUILT_PRODUCTS_DIR; };
		AD0F69E0157562E500031119 /* Cocoa.framework */ = {isa = PBXFileReference; lastKnownFileType = wrapper.framework; name = Cocoa.framework; path = System/Library/Frameworks/Cocoa.framework; sourceTree = SDKROOT; };
		AD0F69E3157562E500031119 /* AppKit.framework */ = {isa = PBXFileReference; lastKnownFileType = wrapper.framework; name = AppKit.framework; path = System/Library/Frameworks/AppKit.framework; sourceTree = SDKROOT; };
		AD0F69E4157562E500031119 /* CoreData.framework */ = {isa = PBXFileReference; lastKnownFileType = wrapper.framework; name = CoreData.framework; path = System/Library/Frameworks/CoreData.framework; sourceTree = SDKROOT; };
		AD0F69E5157562E500031119 /* Foundation.framework */ = {isa = PBXFileReference; lastKnownFileType = wrapper.framework; name = Foundation.framework; path = System/Library/Frameworks/Foundation.framework; sourceTree = SDKROOT; };
		AD0F69E8157562E500031119 /* iBackupFS-Info.plist */ = {isa = PBXFileReference; lastKnownFileType = text.plist.xml; path = "iBackupFS-Info.plist"; sourceTree = "<group>"; };
		AD0F69EC157562E500031119 /* main.m */ = {isa = PBXFileReference; lastKnownFileType = sourcecode.c.objc; path = main.m; sourceTree = "<group>"; };
		AD0F69EE157562E500031119 /* common.h */ = {isa = PBXFileReference; lastKnownFileType = sourcecode.c.h; path = common.h; sourceTree = "<group>"; };
		AD0F69F6157562E500031119 /* en */ = {isa = PBXFileReference; lastKnownFileType = file.xib; name = en; path = en.lproj/MainMenu.xib; sourceTree = "<group>"; };
		AD0F6A011575644900031119 /* iBackupFileSystem.h */ = {isa = PBXFileReference; fileEncoding = 4; lastKnownFileType = sourcecode.c.h; path = iBackupFileSystem.h; sourceTree = "<group>"; };
		AD0F6A021575644900031119 /* iBackupFileSystem.m */ = {isa = PBXFileReference; fileEncoding = 4; lastKnownFileType = sourcecode.c.objc; path = iBackupFileSystem.m; sourceTree = "<group>"; };
		AD0F6A041575672E00031119 /* OSXFUSE.framework */ = {isa = PBXFileReference; lastKnownFileType = wrapper.framework; name = OSXFUSE.framework; path = /Developer/SDKs/MacOSX10.5.sdk/Library/Frameworks/OSXFUSE.framework; sourceTree = "<absolute>"; };
		AD0F6A0A1575689100031119 /* ChangeLog */ = {isa = PBXFileReference; fileEncoding = 4; indentWidth = 8; lastKnownFileType = text; path = ChangeLog; sourceTree = "<group>"; tabWidth = 8; };
		AD0F6A0B1575689100031119 /* FUSEObjectFileSystem.h */ = {isa = PBXFileReference; fileEncoding = 4; lastKnownFileType = sourcecode.c.h; path = FUSEObjectFileSystem.h; sourceTree = "<group>"; };
		AD0F6A0C1575689100031119 /* FUSEObjectFileSystem.m */ = {isa = PBXFileReference; fileEncoding = 4; lastKnownFileType = sourcecode.c.objc; path = FUSEObjectFileSystem.m; sourceTree = "<group>"; };
		AD0F6A0D1575689100031119 /* FUSEOFSAppController.h */ = {isa = PBXFileReference; fileEncoding = 4; lastKnownFileType = sourcecode.c.h; path = FUSEOFSAppController.h; sourceTree = "<group>"; };
		AD0F6A0E1575689100031119 /* FUSEOFSAppController.m */ = {isa = PBXFileReference; fileEncoding = 4; lastKnownFileType = sourcecode.c.objc; path = FUSEOFSAppController.m; sourceTree = "<group>"; };
		AD0F6A0F1575689100031119 /* FUSEOFSFileProxy.h */ = {isa = PBXFileReference; fileEncoding = 4; lastKnownFileType = sourcecode.c.h; path = FUSEOFSFileProxy.h; sourceTree = "<group>"; };
		AD0F6A101575689100031119 /* FUSEOFSFileProxy.m */ = {isa = PBXFileReference; fileEncoding = 4; lastKnownFileType = sourcecode.c.objc; path = FUSEOFSFileProxy.m; sourceTree = "<group>"; };
		AD0F6A111575689100031119 /* FUSEOFSLookupContext.h */ = {isa = PBXFileReference; fileEncoding = 4; lastKnownFileType = sourcecode.c.h; path = FUSEOFSLookupContext.h; sourceTree = "<group>"; };
		AD0F6A121575689100031119 /* FUSEOFSLookupContext.m */ = {isa = PBXFileReference; fileEncoding = 4; lastKnownFileType = sourcecode.c.objc; path = FUSEOFSLookupContext.m; sourceTree = "<group>"; };
		AD0F6A131575689100031119 /* FUSEOFSMemoryContainer.h */ = {isa = PBXFileReference; fileEncoding = 4; lastKnownFileType = sourcecode.c.h; path = FUSEOFSMemoryContainer.h; sourceTree = "<group>"; };
		AD0F6A141575689100031119 /* FUSEOFSMemoryContainer.m */ = {isa = PBXFileReference; fileEncoding = 4; lastKnownFileType = sourcecode.c.objc; path = FUSEOFSMemoryContainer.m; sourceTree = "<group>"; };
		AD0F6A151575689100031119 /* FUSEOFSMemoryFile.h */ = {isa = PBXFileReference; fileEncoding = 4; lastKnownFileType = sourcecode.c.h; path = FUSEOFSMemoryFile.h; sourceTree = "<group>"; };
		AD0F6A161575689100031119 /* FUSEOFSMemoryFile.m */ = {isa = PBXFileReference; fileEncoding = 4; lastKnownFileType = sourcecode.c.objc; path = FUSEOFSMemoryFile.m; sourceTree = "<group>"; };
		AD0F6A171575689100031119 /* FUSEOFSMemoryObject.h */ = {isa = PBXFileReference; fileEncoding = 4; lastKnownFileType = sourcecode.c.h; path = FUSEOFSMemoryObject.h; sourceTree = "<group>"; };
		AD0F6A181575689100031119 /* FUSEOFSMemoryObject.m */ = {isa = PBXFileReference; fileEncoding = 4; lastKnownFileType = sourcecode.c.objc; path = FUSEOFSMemoryObject.m; sourceTree = "<group>"; };
		AD0F6A191575689100031119 /* FUSESupport.h */ = {isa = PBXFileReference; fileEncoding = 4; lastKnownFileType = sourcecode.c.h; path = FUSESupport.h; sourceTree = "<group>"; };
		AD0F6A241575689100031119 /* NSObject+FUSEOFS.h */ = {isa = PBXFileReference; fileEncoding = 4; lastKnownFileType = sourcecode.c.h; path = "NSObject+FUSEOFS.h"; sourceTree = "<group>"; };
		AD0F6A251575689100031119 /* NSObject+FUSEOFS.m */ = {isa = PBXFileReference; fileEncoding = 4; lastKnownFileType = sourcecode.c.objc; path = "NSObject+FUSEOFS.m"; sourceTree = "<group>"; };
		AD0F6A3415756EB100031119 /* iBackupSet.h */ = {isa = PBXFileReference; fileEncoding = 4; lastKnownFileType = sourcecode.c.h; path = iBackupSet.h; sourceTree = "<group>"; };
		AD0F6A3515756EB100031119 /* iBackupSet.m */ = {isa = PBXFileReference; fileEncoding = 4; lastKnownFileType = sourcecode.c.objc; path = iBackupSet.m; sourceTree = "<group>"; };
		AD0F6A371575751100031119 /* iBackup.h */ = {isa = PBXFileReference; fileEncoding = 4; lastKnownFileType = sourcecode.c.h; path = iBackup.h; sourceTree = "<group>"; };
		AD0F6A381575751100031119 /* iBackup.m */ = {isa = PBXFileReference; fileEncoding = 4; lastKnownFileType = sourcecode.c.objc; path = iBackup.m; sourceTree = "<group>"; };
		AD0F6A3A157584EE00031119 /* iBackupObject.h */ = {isa = PBXFileReference; fileEncoding = 4; lastKnownFileType = sourcecode.c.h; path = iBackupObject.h; sourceTree = "<group>"; };
		AD0F6A3B157584EE00031119 /* iBackupObject.m */ = {isa = PBXFileReference; fileEncoding = 4; lastKnownFileType = sourcecode.c.objc; path = iBackupObject.m; sourceTree = "<group>"; };
		AD0F6A3D157591BB00031119 /* NOTES.txt */ = {isa = PBXFileReference; fileEncoding = 4; lastKnownFileType = text; path = NOTES.txt; sourceTree = "<group>"; };
		AD0F6A3F1575924600031119 /* Version */ = {isa = PBXFileReference; fileEncoding = 4; lastKnownFileType = text; path = Version; sourceTree = "<group>"; };
		AD0F6A411575957100031119 /* MBDBReader.h */ = {isa = PBXFileReference; fileEncoding = 4; lastKnownFileType = sourcecode.c.h; path = MBDBReader.h; sourceTree = "<group>"; };
		AD0F6A421575957100031119 /* MBDBReader.m */ = {isa = PBXFileReference; fileEncoding = 4; lastKnownFileType = sourcecode.c.objc; path = MBDBReader.m; sourceTree = "<group>"; };
		AD0F6A44157597D700031119 /* NSMutableDictionary+iBackupFS.h */ = {isa = PBXFileReference; fileEncoding = 4; lastKnownFileType = sourcecode.c.h; path = "NSMutableDictionary+iBackupFS.h"; sourceTree = "<group>"; };
		AD0F6A45157597D800031119 /* NSMutableDictionary+iBackupFS.m */ = {isa = PBXFileReference; fileEncoding = 4; lastKnownFileType = sourcecode.c.objc; path = "NSMutableDictionary+iBackupFS.m"; sourceTree = "<group>"; };
		AD0F6A471575A1AC00031119 /* NSString+iBackupFS.h */ = {isa = PBXFileReference; fileEncoding = 4; lastKnownFileType = sourcecode.c.h; path = "NSString+iBackupFS.h"; sourceTree = "<group>"; };
		AD0F6A481575A1AC00031119 /* NSString+iBackupFS.m */ = {isa = PBXFileReference; fileEncoding = 4; lastKnownFileType = sourcecode.c.objc; path = "NSString+iBackupFS.m"; sourceTree = "<group>"; };
		AD0F6A4A1575B1EB00031119 /* libcrypto.dylib */ = {isa = PBXFileReference; lastKnownFileType = "compiled.mach-o.dylib"; name = libcrypto.dylib; path = ../../../../../Developer/SDKs/MacOSX10.5.sdk/usr/lib/libcrypto.dylib; sourceTree = "<group>"; };
/* End PBXFileReference section */

/* Begin PBXFrameworksBuildPhase section */
		AD0F69D9157562E500031119 /* Frameworks */ = {
			isa = PBXFrameworksBuildPhase;
			buildActionMask = 2147483647;
			files = (
				AD0F6A4B1575B1EB00031119 /* libcrypto.dylib in Frameworks */,
				AD0F6A051575672E00031119 /* OSXFUSE.framework in Frameworks */,
				AD0F69E1157562E500031119 /* Cocoa.framework in Frameworks */,
			);
			runOnlyForDeploymentPostprocessing = 0;
		};
/* End PBXFrameworksBuildPhase section */

/* Begin PBXGroup section */
		AD0F69D1157562E500031119 = {
			isa = PBXGroup;
			children = (
				AD0F6A4A1575B1EB00031119 /* libcrypto.dylib */,
				AD0F6A3D157591BB00031119 /* NOTES.txt */,
				AD0F6A3F1575924600031119 /* Version */,
				AD0F6A091575689100031119 /* FUSEOFS */,
				AD0F69E6157562E500031119 /* iBackupFS */,
				AD0F6A00157563E000031119 /* Resources */,
				AD0F69DF157562E500031119 /* Frameworks */,
				AD0F69DD157562E500031119 /* Products */,
			);
			sourceTree = "<group>";
		};
		AD0F69DD157562E500031119 /* Products */ = {
			isa = PBXGroup;
			children = (
				AD0F69DC157562E500031119 /* iBackupFS.app */,
			);
			name = Products;
			sourceTree = "<group>";
		};
		AD0F69DF157562E500031119 /* Frameworks */ = {
			isa = PBXGroup;
			children = (
				AD0F6A041575672E00031119 /* OSXFUSE.framework */,
				AD0F69E0157562E500031119 /* Cocoa.framework */,
				AD0F69E2157562E500031119 /* Other Frameworks */,
			);
			name = Frameworks;
			sourceTree = "<group>";
		};
		AD0F69E2157562E500031119 /* Other Frameworks */ = {
			isa = PBXGroup;
			children = (
				AD0F69E3157562E500031119 /* AppKit.framework */,
				AD0F69E4157562E500031119 /* CoreData.framework */,
				AD0F69E5157562E500031119 /* Foundation.framework */,
			);
			name = "Other Frameworks";
			sourceTree = "<group>";
		};
		AD0F69E6157562E500031119 /* iBackupFS */ = {
			isa = PBXGroup;
			children = (
				AD0F69EE157562E500031119 /* common.h */,
				AD0F6A011575644900031119 /* iBackupFileSystem.h */,
				AD0F6A021575644900031119 /* iBackupFileSystem.m */,
				AD0F6A3415756EB100031119 /* iBackupSet.h */,
				AD0F6A3515756EB100031119 /* iBackupSet.m */,
				AD0F6A371575751100031119 /* iBackup.h */,
				AD0F6A381575751100031119 /* iBackup.m */,
				AD0F6A3A157584EE00031119 /* iBackupObject.h */,
				AD0F6A3B157584EE00031119 /* iBackupObject.m */,
				AD0F6A411575957100031119 /* MBDBReader.h */,
				AD0F6A421575957100031119 /* MBDBReader.m */,
				AD0F6A44157597D700031119 /* NSMutableDictionary+iBackupFS.h */,
				AD0F6A45157597D800031119 /* NSMutableDictionary+iBackupFS.m */,
				AD0F6A471575A1AC00031119 /* NSString+iBackupFS.h */,
				AD0F6A481575A1AC00031119 /* NSString+iBackupFS.m */,
				AD0F69EC157562E500031119 /* main.m */,
			);
			path = iBackupFS;
			sourceTree = "<group>";
		};
		AD0F6A00157563E000031119 /* Resources */ = {
			isa = PBXGroup;
			children = (
				AD0F69F5157562E500031119 /* MainMenu.xib */,
				AD0F69E8157562E500031119 /* iBackupFS-Info.plist */,
			);
			name = Resources;
			path = iBackupFS;
			sourceTree = "<group>";
		};
		AD0F6A091575689100031119 /* FUSEOFS */ = {
			isa = PBXGroup;
			children = (
				AD0F6A0A1575689100031119 /* ChangeLog */,
				AD0F6A191575689100031119 /* FUSESupport.h */,
				AD0F6A241575689100031119 /* NSObject+FUSEOFS.h */,
				AD0F6A251575689100031119 /* NSObject+FUSEOFS.m */,
				AD0F6A0D1575689100031119 /* FUSEOFSAppController.h */,
				AD0F6A0E1575689100031119 /* FUSEOFSAppController.m */,
				AD0F6A0B1575689100031119 /* FUSEObjectFileSystem.h */,
				AD0F6A0C1575689100031119 /* FUSEObjectFileSystem.m */,
				AD0F6A111575689100031119 /* FUSEOFSLookupContext.h */,
				AD0F6A121575689100031119 /* FUSEOFSLookupContext.m */,
				AD0F6A0F1575689100031119 /* FUSEOFSFileProxy.h */,
				AD0F6A101575689100031119 /* FUSEOFSFileProxy.m */,
				AD0F6A171575689100031119 /* FUSEOFSMemoryObject.h */,
				AD0F6A181575689100031119 /* FUSEOFSMemoryObject.m */,
				AD0F6A151575689100031119 /* FUSEOFSMemoryFile.h */,
				AD0F6A161575689100031119 /* FUSEOFSMemoryFile.m */,
				AD0F6A131575689100031119 /* FUSEOFSMemoryContainer.h */,
				AD0F6A141575689100031119 /* FUSEOFSMemoryContainer.m */,
			);
			path = FUSEOFS;
			sourceTree = "<group>";
		};
/* End PBXGroup section */

/* Begin PBXNativeTarget section */
		AD0F69DB157562E500031119 /* iBackupFS */ = {
			isa = PBXNativeTarget;
			buildConfigurationList = AD0F69FA157562E500031119 /* Build configuration list for PBXNativeTarget "iBackupFS" */;
			buildPhases = (
				AD0F69D8157562E500031119 /* Sources */,
				AD0F69D9157562E500031119 /* Frameworks */,
				AD0F69DA157562E500031119 /* Resources */,
			);
			buildRules = (
			);
			dependencies = (
			);
			name = iBackupFS;
			productName = iBackupFS;
			productReference = AD0F69DC157562E500031119 /* iBackupFS.app */;
			productType = "com.apple.product-type.application";
		};
/* End PBXNativeTarget section */

/* Begin PBXProject section */
		AD0F69D3157562E500031119 /* Project object */ = {
			isa = PBXProject;
			attributes = {
				LastUpgradeCheck = 0420;
				ORGANIZATIONNAME = "Mulle kybernetiK";
			};
			buildConfigurationList = AD0F69D6157562E500031119 /* Build configuration list for PBXProject "iBackupFS" */;
			compatibilityVersion = "Xcode 3.2";
			developmentRegion = English;
			hasScannedForEncodings = 0;
			knownRegions = (
				en,
			);
			mainGroup = AD0F69D1157562E500031119;
			productRefGroup = AD0F69DD157562E500031119 /* Products */;
			projectDirPath = "";
			projectRoot = "";
			targets = (
				AD0F69DB157562E500031119 /* iBackupFS */,
			);
		};
/* End PBXProject section */

/* Begin PBXResourcesBuildPhase section */
		AD0F69DA157562E500031119 /* Resources */ = {
			isa = PBXResourcesBuildPhase;
			buildActionMask = 2147483647;
			files = (
				AD0F69F7157562E500031119 /* MainMenu.xib in Resources */,
				AD0F6A261575689100031119 /* ChangeLog in Resources */,
				AD0F6A3E157591BB00031119 /* NOTES.txt in Resources */,
				AD0F6A401575924700031119 /* Version in Resources */,
			);
			runOnlyForDeploymentPostprocessing = 0;
		};
/* End PBXResourcesBuildPhase section */

/* Begin PBXSourcesBuildPhase section */
		AD0F69D8157562E500031119 /* Sources */ = {
			isa = PBXSourcesBuildPhase;
			buildActionMask = 2147483647;
			files = (
				AD0F69ED157562E500031119 /* main.m in Sources */,
				AD0F6A031575644900031119 /* iBackupFileSystem.m in Sources */,
				AD0F6A271575689100031119 /* FUSEObjectFileSystem.m in Sources */,
				AD0F6A281575689100031119 /* FUSEOFSAppController.m in Sources */,
				AD0F6A291575689100031119 /* FUSEOFSFileProxy.m in Sources */,
				AD0F6A2A1575689100031119 /* FUSEOFSLookupContext.m in Sources */,
				AD0F6A2B1575689100031119 /* FUSEOFSMemoryContainer.m in Sources */,
				AD0F6A2C1575689100031119 /* FUSEOFSMemoryFile.m in Sources */,
				AD0F6A2D1575689100031119 /* FUSEOFSMemoryObject.m in Sources */,
				AD0F6A331575689100031119 /* NSObject+FUSEOFS.m in Sources */,
				AD0F6A3615756EB100031119 /* iBackupSet.m in Sources */,
				AD0F6A391575751100031119 /* iBackup.m in Sources */,
				AD0F6A3C157584EE00031119 /* iBackupObject.m in Sources */,
				AD0F6A431575957100031119 /* MBDBReader.m in Sources */,
				AD0F6A46157597D800031119 /* NSMutableDictionary+iBackupFS.m in Sources */,
				AD0F6A491575A1AC00031119 /* NSString+iBackupFS.m in Sources */,
			);
			runOnlyForDeploymentPostprocessing = 0;
		};
/* End PBXSourcesBuildPhase section */

/* Begin PBXVariantGroup section */
		AD0F69F5157562E500031119 /* MainMenu.xib */ = {
			isa = PBXVariantGroup;
			children = (
				AD0F69F6157562E500031119 /* en */,
			);
			name = MainMenu.xib;
			sourceTree = "<group>";
		};
/* End PBXVariantGroup section */

/* Begin XCBuildConfiguration section */
		AD0F69F8157562E500031119 /* Debug */ = {
			isa = XCBuildConfiguration;
			buildSettings = {
				ALWAYS_SEARCH_USER_PATHS = NO;
				ARCHS = "$(ARCHS_STANDARD_64_BIT)";
				COPY_PHASE_STRIP = NO;
				GCC_C_LANGUAGE_STANDARD = gnu99;
				GCC_DYNAMIC_NO_PIC = NO;
				GCC_ENABLE_OBJC_EXCEPTIONS = YES;
				GCC_OPTIMIZATION_LEVEL = 0;
				GCC_PREPROCESSOR_DEFINITIONS = (
					"DEBUG=1",
					"$(inherited)",
				);
				GCC_SYMBOLS_PRIVATE_EXTERN = NO;
				GCC_VERSION = com.apple.compilers.llvm.clang.1_0;
				GCC_WARN_64_TO_32_BIT_CONVERSION = YES;
				GCC_WARN_ABOUT_MISSING_PROTOTYPES = YES;
				GCC_WARN_ABOUT_RETURN_TYPE = YES;
				GCC_WARN_UNUSED_VARIABLE = YES;
				MACOSX_DEPLOYMENT_TARGET = 10.6;
				ONLY_ACTIVE_ARCH = YES;
				SDKROOT = macosx;
			};
			name = Debug;
		};
		AD0F69F9157562E500031119 /* Release */ = {
			isa = XCBuildConfiguration;
			buildSettings = {
				ALWAYS_SEARCH_USER_PATHS = NO;
				ARCHS = "$(ARCHS_STANDARD_64_BIT)";
				COPY_PHASE_STRIP = YES;
				DEBUG_INFORMATION_FORMAT = "dwarf-with-dsym";
				GCC_C_LANGUAGE_STANDARD = gnu99;
				GCC_ENABLE_OBJC_EXCEPTIONS = YES;
				GCC_VERSION = com.apple.compilers.llvm.clang.1_0;
				GCC_WARN_64_TO_32_BIT_CONVERSION = YES;
				GCC_WARN_ABOUT_MISSING_PROTOTYPES = YES;
				GCC_WARN_ABOUT_RETURN_TYPE = YES;
				GCC_WARN_UNUSED_VARIABLE = YES;
				MACOSX_DEPLOYMENT_TARGET = 10.6;
				SDKROOT = macosx;
			};
			name = Release;
		};
		AD0F69FB157562E500031119 /* Debug */ = {
			isa = XCBuildConfiguration;
			buildSettings = {
				ARCHS = "$(ARCHS_STANDARD_32_BIT)";
				FRAMEWORK_SEARCH_PATHS = "$(LOCAL_LIBRARY_DIR)/Frameworks";
				GCC_OPTIMIZATION_LEVEL = 0;
				GCC_PRECOMPILE_PREFIX_HEADER = YES;
				GCC_PREFIX_HEADER = iBackupFS/common.h;
				INFOPLIST_FILE = "iBackupFS/iBackupFS-Info.plist";
				INSTALL_PATH = "$(HOME)/Applications";
				MACOSX_DEPLOYMENT_TARGET = 10.5;
				PRODUCT_NAME = "$(TARGET_NAME)";
				SDKROOT = macosx10.5;
				SYMROOT = /tmp/MulleDeploymentProducts;
				VALID_ARCHS = "i386 ppc";
				WRAPPER_EXTENSION = app;
			};
			name = Debug;
		};
		AD0F69FC157562E500031119 /* Release */ = {
			isa = XCBuildConfiguration;
			buildSettings = {
				ARCHS = "$(ARCHS_STANDARD_32_BIT)";
				COPY_PHASE_STRIP = YES;
				DEPLOYMENT_LOCATION = YES;
				DEPLOYMENT_POSTPROCESSING = YES;
				DSTROOT = /;
				FRAMEWORK_SEARCH_PATHS = "$(LOCAL_LIBRARY_DIR)/Frameworks";
				GCC_GENERATE_DEBUGGING_SYMBOLS = NO;
				GCC_PRECOMPILE_PREFIX_HEADER = YES;
				GCC_PREFIX_HEADER = iBackupFS/common.h;
				INFOPLIST_FILE = "iBackupFS/iBackupFS-Info.plist";
				INSTALL_PATH = "$(HOME)/Applications";
				MACOSX_DEPLOYMENT_TARGET = 10.5;
				PRODUCT_NAME = "$(TARGET_NAME)";
				SDKROOT = macosx10.5;
				SYMROOT = /tmp/MulleDeploymentProducts;
				VALID_ARCHS = "i386 ppc";
				WRAPPER_EXTENSION = app;
			};
			name = Release;
		};
/* End XCBuildConfiguration section */

/* Begin XCConfigurationList section */
		AD0F69D6157562E500031119 /* Build configuration list for PBXProject "iBackupFS" */ = {
			isa = XCConfigurationList;
			buildConfigurations = (
				AD0F69F8157562E500031119 /* Debug */,
				AD0F69F9157562E500031119 /* Release */,
			);
			defaultConfigurationIsVisible = 0;
			defaultConfigurationName = Release;
		};
		AD0F69FA157562E500031119 /* Build configuration list for PBXNativeTarget "iBackupFS" */ = {
			isa = XCConfigurationList;
			buildConfigurations = (
				AD0F69FB157562E500031119 /* Debug */,
				AD0F69FC157562E500031119 /* Release */,
			);
			defaultConfigurationIsVisible = 0;
			defaultConfigurationName = Release;
		};
/* End XCConfigurationList section */
	};
	rootObject = AD0F69D3157562E500031119 /* Project object */;
}
